
Microsoft Visual Studio Solution File, Format Version 12.00
# Visual Studio Version 17
VisualStudioVersion = 17.2.32616.157
MinimumVisualStudioVersion = 10.0.40219.1
Project("{FAE04EC0-301F-11D3-BF4B-00C04F79EFBC}") = "Solution 1", "Solution 1\Solution 1.csproj", "{387C4048-493E-4B33-A8B7-18A1EB26F87B}"
EndProject
Project("{FAE04EC0-301F-11D3-BF4B-00C04F79EFBC}") = "Solution 2", "Solution 2\Solution 2.csproj", "{3ABBCEA7-A27A-4BEA-8EB6-9FECA4BBE644}"
EndProject
Global
	GlobalSection(SolutionConfigurationPlatforms) = preSolution
		Debug|Any CPU = Debug|Any CPU
		Release|Any CPU = Release|Any CPU
	EndGlobalSection
	GlobalSection(ProjectConfigurationPlatforms) = postSolution
		{387C4048-493E-4B33-A8B7-18A1EB26F87B}.Debug|Any CPU.ActiveCfg = Debug|Any CPU
		{387C4048-493E-4B33-A8B7-18A1EB26F87B}.Debug|Any CPU.Build.0 = Debug|Any CPU
		{387C4048-493E-4B33-A8B7-18A1EB26F87B}.Release|Any CPU.ActiveCfg = Release|Any CPU
		{387C4048-493E-4B33-A8B7-18A1EB26F87B}.Release|Any CPU.Build.0 = Release|Any CPU
		{3ABBCEA7-A27A-4BEA-8EB6-9FECA4BBE644}.Debug|Any CPU.ActiveCfg = Debug|Any CPU
		{3ABBCEA7-A27A-4BEA-8EB6-9FECA4BBE644}.Debug|Any CPU.Build.0 = Debug|Any CPU
		{3ABBCEA7-A27A-4BEA-8EB6-9FECA4BBE644}.Release|Any CPU.ActiveCfg = Release|Any CPU
		{3ABBCEA7-A27A-4BEA-8EB6-9FECA4BBE644}.Release|Any CPU.Build.0 = Release|Any CPU
	EndGlobalSection
	GlobalSection(SolutionProperties) = preSolution
		HideSolutionNode = FALSE
	EndGlobalSection
	GlobalSection(ExtensibilityGlobals) = postSolution
		SolutionGuid = {EF6F9485-2B95-4AA7-9904-4CD265F5229F}
	EndGlobalSection
EndGlobal
